{
  "requires": true,
  "lockfileVersion": 1,
  "dependencies": {
    "simple-lightbox": {
      "version": "2.1.0",
      "resolved": "https://registry.npmjs.org/simple-lightbox/-/simple-lightbox-2.1.0.tgz",
      "integrity": "sha512-cfIe4fKEA/qObvOKs1mbMCOhKYAClFrdZyWjZ+BJFyWOeg+ckjhydM+JajCL+nF9GRcidqfv15BYl3gfbzawXQ=="
    }
  }
}
